// !$*UTF8*$!
{
	archiveVersion = 1;
	classes = {
	};
	objectVersion = 77;
	objects = {

/* Begin PBXContainerItemProxy section */
		BC5000172CA6F24D00191079 /* PBXContainerItemProxy */ = {
			isa = PBXContainerItemProxy;
			containerPortal = BC50FFF82CA6F24B00191079 /* Project object */;
			proxyType = 1;
			remoteGlobalIDString = BC50FFFF2CA6F24B00191079;
			remoteInfo = BTKOdev3;
		};
		BC5000212CA6F24D00191079 /* PBXContainerItemProxy */ = {
			isa = PBXContainerItemProxy;
			containerPortal = BC50FFF82CA6F24B00191079 /* Project object */;
			proxyType = 1;
			remoteGlobalIDString = BC50FFFF2CA6F24B00191079;
			remoteInfo = BTKOdev3;
		};
/* End PBXContainerItemProxy section */

/* Begin PBXFileReference section */
		BC5000002CA6F24B00191079 /* BTKOdev3.app */ = {isa = PBXFileReference; explicitFileType = wrapper.application; includeInIndex = 0; path = BTKOdev3.app; sourceTree = BUILT_PRODUCTS_DIR; };
		BC5000162CA6F24D00191079 /* BTKOdev3Tests.xctest */ = {isa = PBXFileReference; explicitFileType = wrapper.cfbundle; includeInIndex = 0; path = BTKOdev3Tests.xctest; sourceTree = BUILT_PRODUCTS_DIR; };
		BC5000202CA6F24D00191079 /* BTKOdev3UITests.xctest */ = {isa = PBXFileReference; explicitFileType = wrapper.cfbundle; includeInIndex = 0; path = BTKOdev3UITests.xctest; sourceTree = BUILT_PRODUCTS_DIR; };
/* End PBXFileReference section */

/* Begin PBXFileSystemSynchronizedBuildFileExceptionSet section */
		BC5000282CA6F24D00191079 /* Exceptions for "BTKOdev3" folder in "BTKOdev3" target */ = {
			isa = PBXFileSystemSynchronizedBuildFileExceptionSet;
			membershipExceptions = (
				Info.plist,
			);
			target = BC50FFFF2CA6F24B00191079 /* BTKOdev3 */;
		};
/* End PBXFileSystemSynchronizedBuildFileExceptionSet section */

/* Begin PBXFileSystemSynchronizedRootGroup section */
		BC5000022CA6F24B00191079 /* BTKOdev3 */ = {
			isa = PBXFileSystemSynchronizedRootGroup;
			exceptions = (
				BC5000282CA6F24D00191079 /* Exceptions for "BTKOdev3" folder in "BTKOdev3" target */,
			);
			path = BTKOdev3;
			sourceTree = "<group>";
		};
		BC5000192CA6F24D00191079 /* BTKOdev3Tests */ = {
			isa = PBXFileSystemSynchronizedRootGroup;
			path = BTKOdev3Tests;
			sourceTree = "<group>";
		};
		BC5000232CA6F24D00191079 /* BTKOdev3UITests */ = {
			isa = PBXFileSystemSynchronizedRootGroup;
			path = BTKOdev3UITests;
			sourceTree = "<group>";
		};
/* End PBXFileSystemSynchronizedRootGroup section */

/* Begin PBXFrameworksBuildPhase section */
		BC5000132CA6F24D00191079 /* Frameworks */ = {
			isa = PBXFrameworksBuildPhase;
			buildActionMask = 2147483647;
			files = (
			);
			runOnlyForDeploymentPostprocessing = 0;
		};
		BC50001D2CA6F24D00191079 /* Frameworks */ = {
			isa = PBXFrameworksBuildPhase;
			buildActionMask = 2147483647;
			files = (
			);
			runOnlyForDeploymentPostprocessing = 0;
		};
		BC50FFFD2CA6F24B00191079 /* Frameworks */ = {
			isa = PBXFrameworksBuildPhase;
			buildActionMask = 2147483647;
			files = (
			);
			runOnlyForDeploymentPostprocessing = 0;
		};
/* End PBXFrameworksBuildPhase section */

/* Begin PBXGroup section */
		BC5000012CA6F24B00191079 /* Products */ = {
			isa = PBXGroup;
			children = (
				BC5000002CA6F24B00191079 /* BTKOdev3.app */,
				BC5000162CA6F24D00191079 /* BTKOdev3Tests.xctest */,
				BC5000202CA6F24D00191079 /* BTKOdev3UITests.xctest */,
			);
			name = Products;
			sourceTree = "<group>";
		};
		BC50FFF72CA6F24B00191079 = {
			isa = PBXGroup;
			children = (
				BC5000022CA6F24B00191079 /* BTKOdev3 */,
				BC5000192CA6F24D00191079 /* BTKOdev3Tests */,
				BC5000232CA6F24D00191079 /* BTKOdev3UITests */,
				BC5000012CA6F24B00191079 /* Products */,
			);
			sourceTree = "<group>";
		};
/* End PBXGroup section */

/* Begin PBXNativeTarget section */
		BC5000152CA6F24D00191079 /* BTKOdev3Tests */ = {
			isa = PBXNativeTarget;
			buildConfigurationList = BC50002E2CA6F24D00191079 /* Build configuration list for PBXNativeTarget "BTKOdev3Tests" */;
			buildPhases = (
				BC5000122CA6F24D00191079 /* Sources */,
				BC5000132CA6F24D00191079 /* Frameworks */,
				BC5000142CA6F24D00191079 /* Resources */,
			);
			buildRules = (
			);
			dependencies = (
				BC5000182CA6F24D00191079 /* PBXTargetDependency */,
			);
			fileSystemSynchronizedGroups = (
				BC5000192CA6F24D00191079 /* BTKOdev3Tests */,
			);
			name = BTKOdev3Tests;
			packageProductDependencies = (
			);
			productName = BTKOdev3Tests;
			productReference = BC5000162CA6F24D00191079 /* BTKOdev3Tests.xctest */;
			productType = "com.apple.product-type.bundle.unit-test";
		};
		BC50001F2CA6F24D00191079 /* BTKOdev3UITests */ = {
			isa = PBXNativeTarget;
			buildConfigurationList = BC5000312CA6F24D00191079 /* Build configuration list for PBXNativeTarget "BTKOdev3UITests" */;
			buildPhases = (
				BC50001C2CA6F24D00191079 /* Sources */,
				BC50001D2CA6F24D00191079 /* Frameworks */,
				BC50001E2CA6F24D00191079 /* Resources */,
			);
			buildRules = (
			);
			dependencies = (
				BC5000222CA6F24D00191079 /* PBXTargetDependency */,
			);
			fileSystemSynchronizedGroups = (
				BC5000232CA6F24D00191079 /* BTKOdev3UITests */,
			);
			name = BTKOdev3UITests;
			packageProductDependencies = (
			);
			productName = BTKOdev3UITests;
			productReference = BC5000202CA6F24D00191079 /* BTKOdev3UITests.xctest */;
			productType = "com.apple.product-type.bundle.ui-testing";
		};
		BC50FFFF2CA6F24B00191079 /* BTKOdev3 */ = {
			isa = PBXNativeTarget;
			buildConfigurationList = BC5000292CA6F24D00191079 /* Build configuration list for PBXNativeTarget "BTKOdev3" */;
			buildPhases = (
				BC50FFFC2CA6F24B00191079 /* Sources */,
				BC50FFFD2CA6F24B00191079 /* Frameworks */,
				BC50FFFE2CA6F24B00191079 /* Resources */,
			);
			buildRules = (
			);
			dependencies = (
			);
			fileSystemSynchronizedGroups = (
				BC5000022CA6F24B00191079 /* BTKOdev3 */,
			);
			name = BTKOdev3;
			packageProductDependencies = (
			);
			productName = BTKOdev3;
			productReference = BC5000002CA6F24B00191079 /* BTKOdev3.app */;
			productType = "com.apple.product-type.application";
		};
/* End PBXNativeTarget section */

/* Begin PBXProject section */
		BC50FFF82CA6F24B00191079 /* Project object */ = {
			isa = PBXProject;
			attributes = {
				BuildIndependentTargetsInParallel = 1;
				LastSwiftUpdateCheck = 1600;
				LastUpgradeCheck = 1600;
				TargetAttributes = {
					BC5000152CA6F24D00191079 = {
						CreatedOnToolsVersion = 16.0;
						TestTargetID = BC50FFFF2CA6F24B00191079;
					};
					BC50001F2CA6F24D00191079 = {
						CreatedOnToolsVersion = 16.0;
						TestTargetID = BC50FFFF2CA6F24B00191079;
					};
					BC50FFFF2CA6F24B00191079 = {
						CreatedOnToolsVersion = 16.0;
					};
				};
			};
			buildConfigurationList = BC50FFFB2CA6F24B00191079 /* Build configuration list for PBXProject "BTKOdev3" */;
			developmentRegion = en;
			hasScannedForEncodings = 0;
			knownRegions = (
				en,
				Base,
			);
			mainGroup = BC50FFF72CA6F24B00191079;
			minimizedProjectReferenceProxies = 1;
			preferredProjectObjectVersion = 77;
			productRefGroup = BC5000012CA6F24B00191079 /* Products */;
			projectDirPath = "";
			projectRoot = "";
			targets = (
				BC50FFFF2CA6F24B00191079 /* BTKOdev3 */,
				BC5000152CA6F24D00191079 /* BTKOdev3Tests */,
				BC50001F2CA6F24D00191079 /* BTKOdev3UITests */,
			);
		};
/* End PBXProject section */

/* Begin PBXResourcesBuildPhase section */
		BC5000142CA6F24D00191079 /* Resources */ = {
			isa = PBXResourcesBuildPhase;
			buildActionMask = 2147483647;
			files = (
			);
			runOnlyForDeploymentPostprocessing = 0;
		};
		BC50001E2CA6F24D00191079 /* Resources */ = {
			isa = PBXResourcesBuildPhase;
			buildActionMask = 2147483647;
			files = (
			);
			runOnlyForDeploymentPostprocessing = 0;
		};
		BC50FFFE2CA6F24B00191079 /* Resources */ = {
			isa = PBXResourcesBuildPhase;
			buildActionMask = 2147483647;
			files = (
			);
			runOnlyForDeploymentPostprocessing = 0;
		};
/* End PBXResourcesBuildPhase section */

/* Begin PBXSourcesBuildPhase section */
		BC5000122CA6F24D00191079 /* Sources */ = {
			isa = PBXSourcesBuildPhase;
			buildActionMask = 2147483647;
			files = (
			);
			runOnlyForDeploymentPostprocessing = 0;
		};
		BC50001C2CA6F24D00191079 /* Sources */ = {
			isa = PBXSourcesBuildPhase;
			buildActionMask = 2147483647;
			files = (
			);
			runOnlyForDeploymentPostprocessing = 0;
		};
		BC50FFFC2CA6F24B00191079 /* Sources */ = {
			isa = PBXSourcesBuildPhase;
			buildActionMask = 2147483647;
			files = (
			);
			runOnlyForDeploymentPostprocessing = 0;
		};
/* End PBXSourcesBuildPhase section */

/* Begin PBXTargetDependency section */
		BC5000182CA6F24D00191079 /* PBXTargetDependency */ = {
			isa = PBXTargetDependency;
			target = BC50FFFF2CA6F24B00191079 /* BTKOdev3 */;
			targetProxy = BC5000172CA6F24D00191079 /* PBXContainerItemProxy */;
		};
		BC5000222CA6F24D00191079 /* PBXTargetDependency */ = {
			isa = PBXTargetDependency;
			target = BC50FFFF2CA6F24B00191079 /* BTKOdev3 */;
			targetProxy = BC5000212CA6F24D00191079 /* PBXContainerItemProxy */;
		};
/* End PBXTargetDependency section */

/* Begin XCBuildConfiguration section */
		BC50002A2CA6F24D00191079 /* Debug */ = {
			isa = XCBuildConfiguration;
			buildSettings = {
				ASSETCATALOG_COMPILER_APPICON_NAME = AppIcon;
				ASSETCATALOG_COMPILER_GLOBAL_ACCENT_COLOR_NAME = AccentColor;
				CODE_SIGN_STYLE = Automatic;
				CURRENT_PROJECT_VERSION = 1;
				GENERATE_INFOPLIST_FILE = YES;
				INFOPLIST_FILE = BTKOdev3/Info.plist;
				INFOPLIST_KEY_UIApplicationSupportsIndirectInputEvents = YES;
				INFOPLIST_KEY_UILaunchStoryboardName = LaunchScreen;
				INFOPLIST_KEY_UIMainStoryboardFile = Main;
				INFOPLIST_KEY_UISupportedInterfaceOrientations_iPad = "UIInterfaceOrientationPortrait UIInterfaceOrientationPortraitUpsideDown UIInterfaceOrientationLandscapeLeft UIInterfaceOrientationLandscapeRight";
				INFOPLIST_KEY_UISupportedInterfaceOrientations_iPhone = "UIInterfaceOrientationPortrait UIInterfaceOrientationLandscapeLeft UIInterfaceOrientationLandscapeRight";
				LD_RUNPATH_SEARCH_PATHS = (
					"$(inherited)",
					"@executable_path/Frameworks",
				);
				MARKETING_VERSION = 1.0;
				PRODUCT_BUNDLE_IDENTIFIER = com.batuhangursoy.BTKOdev3;
				PRODUCT_NAME = "$(TARGET_NAME)";
				SWIFT_EMIT_LOC_STRINGS = YES;
				SWIFT_VERSION = 5.0;
				TARGETED_DEVICE_FAMILY = "1,2";
			};
			name = Debug;
		};
		BC50002B2CA6F24D00191079 /* Release */ = {
			isa = XCBuildConfiguration;
			buildSettings = {
				ASSETCATALOG_COMPILER_APPICON_NAME = AppIcon;
				ASSETCATALOG_COMPILER_GLOBAL_ACCENT_COLOR_NAME = AccentColor;
				CODE_SIGN_STYLE = Automatic;
				CURRENT_PROJECT_VERSION = 1;
				GENERATE_INFOPLIST_FILE = YES;
				INFOPLIST_FILE = BTKOdev3/Info.plist;
				INFOPLIST_KEY_UIApplicationSupportsIndirectInputEvents = YES;
				INFOPLIST_KEY_UILaunchStoryboardName = LaunchScreen;
				INFOPLIST_KEY_UIMainStoryboardFile = Main;
				INFOPLIST_KEY_UISupportedInterfaceOrientations_iPad = "UIInterfaceOrientationPortrait UIInterfaceOrientationPortraitUpsideDown UIInterfaceOrientationLandscapeLeft UIInterfaceOrientationLandscapeRight";
				INFOPLIST_KEY_UISupportedInterfaceOrientations_iPhone = "UIInterfaceOrientationPortrait UIInterfaceOrientationLandscapeLeft UIInterfaceOrientationLandscapeRight";
				LD_RUNPATH_SEARCH_PATHS = (
					"$(inherited)",
					"@executable_path/Frameworks",
				);
				MARKETING_VERSION = 1.0;
				PRODUCT_BUNDLE_IDENTIFIER = com.batuhangursoy.BTKOdev3;
				PRODUCT_NAME = "$(TARGET_NAME)";
				SWIFT_EMIT_LOC_STRINGS = YES;
				SWIFT_VERSION = 5.0;
				TARGETED_DEVICE_FAMILY = "1,2";
			};
			name = Release;
		};
		BC50002C2CA6F24D00191079 /* Debug */ = {
			isa = XCBuildConfiguration;
			buildSettings = {
				ALWAYS_SEARCH_USER_PATHS = NO;
				ASSETCATALOG_COMPILER_GENERATE_SWIFT_ASSET_SYMBOL_EXTENSIONS = YES;
				CLANG_ANALYZER_NONNULL = YES;
				CLANG_ANALYZER_NUMBER_OBJECT_CONVERSION = YES_AGGRESSIVE;
				CLANG_CXX_LANGUAGE_STANDARD = "gnu++20";
				CLANG_ENABLE_MODULES = YES;
				CLANG_ENABLE_OBJC_ARC = YES;
				CLANG_ENABLE_OBJC_WEAK = YES;
				CLANG_WARN_BLOCK_CAPTURE_AUTORELEASING = YES;
				CLANG_WARN_BOOL_CONVERSION = YES;
				CLANG_WARN_COMMA = YES;
				CLANG_WARN_CONSTANT_CONVERSION = YES;
				CLANG_WARN_DEPRECATED_OBJC_IMPLEMENTATIONS = YES;
				CLANG_WARN_DIRECT_OBJC_ISA_USAGE = YES_ERROR;
				CLANG_WARN_DOCUMENTATION_COMMENTS = YES;
				CLANG_WARN_EMPTY_BODY = YES;
				CLANG_WARN_ENUM_CONVERSION = YES;
				CLANG_WARN_INFINITE_RECURSION = YES;
				CLANG_WARN_INT_CONVERSION = YES;
				CLANG_WARN_NON_LITERAL_NULL_CONVERSION = YES;
				CLANG_WARN_OBJC_IMPLICIT_RETAIN_SELF = YES;
				CLANG_WARN_OBJC_LITERAL_CONVERSION = YES;
				CLANG_WARN_OBJC_ROOT_CLASS = YES_ERROR;
				CLANG_WARN_QUOTED_INCLUDE_IN_FRAMEWORK_HEADER = YES;
				CLANG_WARN_RANGE_LOOP_ANALYSIS = YES;
				CLANG_WARN_STRICT_PROTOTYPES = YES;
				CLANG_WARN_SUSPICIOUS_MOVE = YES;
				CLANG_WARN_UNGUARDED_AVAILABILITY = YES_AGGRESSIVE;
				CLANG_WARN_UNREACHABLE_CODE = YES;
				CLANG_WARN__DUPLICATE_METHOD_MATCH = YES;
				COPY_PHASE_STRIP = NO;
				DEBUG_INFORMATION_FORMAT = dwarf;
				ENABLE_STRICT_OBJC_MSGSEND = YES;
				ENABLE_TESTABILITY = YES;
				ENABLE_USER_SCRIPT_SANDBOXING = YES;
				GCC_C_LANGUAGE_STANDARD = gnu17;
				GCC_DYNAMIC_NO_PIC = NO;
				GCC_NO_COMMON_BLOCKS = YES;
				GCC_OPTIMIZATION_LEVEL = 0;
				GCC_PREPROCESSOR_DEFINITIONS = (
					"DEBUG=1",
					"$(inherited)",
				);
				GCC_WARN_64_TO_32_BIT_CONVERSION = YES;
				GCC_WARN_ABOUT_RETURN_TYPE = YES_ERROR;
				GCC_WARN_UNDECLARED_SELECTOR = YES;
				GCC_WARN_UNINITIALIZED_AUTOS = YES_AGGRESSIVE;
				GCC_WARN_UNUSED_FUNCTION = YES;
				GCC_WARN_UNUSED_VARIABLE = YES;
				IPHONEOS_DEPLOYMENT_TARGET = 18.0;
				LOCALIZATION_PREFERS_STRING_CATALOGS = YES;
				MTL_ENABLE_DEBUG_INFO = INCLUDE_SOURCE;
				MTL_FAST_MATH = YES;
				ONLY_ACTIVE_ARCH = YES;
				SDKROOT = iphoneos;
				SWIFT_ACTIVE_COMPILATION_CONDITIONS = "DEBUG $(inherited)";
				SWIFT_OPTIMIZATION_LEVEL = "-Onone";
			};
			name = Debug;
		};
		BC50002D2CA6F24D00191079 /* Release */ = {
			isa = XCBuildConfiguration;
			buildSettings = {
				ALWAYS_SEARCH_USER_PATHS = NO;
				ASSETCATALOG_COMPILER_GENERATE_SWIFT_ASSET_SYMBOL_EXTENSIONS = YES;
				CLANG_ANALYZER_NONNULL = YES;
				CLANG_ANALYZER_NUMBER_OBJECT_CONVERSION = YES_AGGRESSIVE;
				CLANG_CXX_LANGUAGE_STANDARD = "gnu++20";
				CLANG_ENABLE_MODULES = YES;
				CLANG_ENABLE_OBJC_ARC = YES;
				CLANG_ENABLE_OBJC_WEAK = YES;
				CLANG_WARN_BLOCK_CAPTURE_AUTORELEASING = YES;
				CLANG_WARN_BOOL_CONVERSION = YES;
				CLANG_WARN_COMMA = YES;
				CLANG_WARN_CONSTANT_CONVERSION = YES;
				CLANG_WARN_DEPRECATED_OBJC_IMPLEMENTATIONS = YES;
				CLANG_WARN_DIRECT_OBJC_ISA_USAGE = YES_ERROR;
				CLANG_WARN_DOCUMENTATION_COMMENTS = YES;
				CLANG_WARN_EMPTY_BODY = YES;
				CLANG_WARN_ENUM_CONVERSION = YES;
				CLANG_WARN_INFINITE_RECURSION = YES;
				CLANG_WARN_INT_CONVERSION = YES;
				CLANG_WARN_NON_LITERAL_NULL_CONVERSION = YES;
				CLANG_WARN_OBJC_IMPLICIT_RETAIN_SELF = YES;
				CLANG_WARN_OBJC_LITERAL_CONVERSION = YES;
				CLANG_WARN_OBJC_ROOT_CLASS = YES_ERROR;
				CLANG_WARN_QUOTED_INCLUDE_IN_FRAMEWORK_HEADER = YES;
				CLANG_WARN_RANGE_LOOP_ANALYSIS = YES;
				CLANG_WARN_STRICT_PROTOTYPES = YES;
				CLANG_WARN_SUSPICIOUS_MOVE = YES;
				CLANG_WARN_UNGUARDED_AVAILABILITY = YES_AGGRESSIVE;
				CLANG_WARN_UNREACHABLE_CODE = YES;
				CLANG_WARN__DUPLICATE_METHOD_MATCH = YES;
				COPY_PHASE_STRIP = NO;
				DEBUG_INFORMATION_FORMAT = "dwarf-with-dsym";
				ENABLE_NS_ASSERTIONS = NO;
				ENABLE_STRICT_OBJC_MSGSEND = YES;
				ENABLE_USER_SCRIPT_SANDBOXING = YES;
				GCC_C_LANGUAGE_STANDARD = gnu17;
				GCC_NO_COMMON_BLOCKS = YES;
				GCC_WARN_64_TO_32_BIT_CONVERSION = YES;
				GCC_WARN_ABOUT_RETURN_TYPE = YES_ERROR;
				GCC_WARN_UNDECLARED_SELECTOR = YES;
				GCC_WARN_UNINITIALIZED_AUTOS = YES_AGGRESSIVE;
				GCC_WARN_UNUSED_FUNCTION = YES;
				GCC_WARN_UNUSED_VARIABLE = YES;
				IPHONEOS_DEPLOYMENT_TARGET = 18.0;
				LOCALIZATION_PREFERS_STRING_CATALOGS = YES;
				MTL_ENABLE_DEBUG_INFO = NO;
				MTL_FAST_MATH = YES;
				SDKROOT = iphoneos;
				SWIFT_COMPILATION_MODE = wholemodule;
				VALIDATE_PRODUCT = YES;
			};
			name = Release;
		};
		BC50002F2CA6F24D00191079 /* Debug */ = {
			isa = XCBuildConfiguration;
			buildSettings = {
				BUNDLE_LOADER = "$(TEST_HOST)";
				CODE_SIGN_STYLE = Automatic;
				CURRENT_PROJECT_VERSION = 1;
				GENERATE_INFOPLIST_FILE = YES;
				IPHONEOS_DEPLOYMENT_TARGET = 18.0;
				MARKETING_VERSION = 1.0;
				PRODUCT_BUNDLE_IDENTIFIER = com.batuhangursoy.BTKOdev3Tests;
				PRODUCT_NAME = "$(TARGET_NAME)";
				SWIFT_EMIT_LOC_STRINGS = NO;
				SWIFT_VERSION = 5.0;
				TARGETED_DEVICE_FAMILY = "1,2";
				TEST_HOST = "$(BUILT_PRODUCTS_DIR)/BTKOdev3.app/$(BUNDLE_EXECUTABLE_FOLDER_PATH)/BTKOdev3";
			};
			name = Debug;
		};
		BC5000302CA6F24D00191079 /* Release */ = {
			isa = XCBuildConfiguration;
			buildSettings = {
				BUNDLE_LOADER = "$(TEST_HOST)";
				CODE_SIGN_STYLE = Automatic;
				CURRENT_PROJECT_VERSION = 1;
				GENERATE_INFOPLIST_FILE = YES;
				IPHONEOS_DEPLOYMENT_TARGET = 18.0;
				MARKETING_VERSION = 1.0;
				PRODUCT_BUNDLE_IDENTIFIER = com.batuhangursoy.BTKOdev3Tests;
				PRODUCT_NAME = "$(TARGET_NAME)";
				SWIFT_EMIT_LOC_STRINGS = NO;
				SWIFT_VERSION = 5.0;
				TARGETED_DEVICE_FAMILY = "1,2";
				TEST_HOST = "$(BUILT_PRODUCTS_DIR)/BTKOdev3.app/$(BUNDLE_EXECUTABLE_FOLDER_PATH)/BTKOdev3";
			};
			name = Release;
		};
		BC5000322CA6F24D00191079 /* Debug */ = {
			isa = XCBuildConfiguration;
			buildSettings = {
				CODE_SIGN_STYLE = Automatic;
				CURRENT_PROJECT_VERSION = 1;
				GENERATE_INFOPLIST_FILE = YES;
				MARKETING_VERSION = 1.0;
				PRODUCT_BUNDLE_IDENTIFIER = com.batuhangursoy.BTKOdev3UITests;
				PRODUCT_NAME = "$(TARGET_NAME)";
				SWIFT_EMIT_LOC_STRINGS = NO;
				SWIFT_VERSION = 5.0;
				TARGETED_DEVICE_FAMILY = "1,2";
				TEST_TARGET_NAME = BTKOdev3;
			};
			name = Debug;
		};
		BC5000332CA6F24D00191079 /* Release */ = {
			isa = XCBuildConfiguration;
			buildSettings = {
				CODE_SIGN_STYLE = Automatic;
				CURRENT_PROJECT_VERSION = 1;
				GENERATE_INFOPLIST_FILE = YES;
				MARKETING_VERSION = 1.0;
				PRODUCT_BUNDLE_IDENTIFIER = com.batuhangursoy.BTKOdev3UITests;
				PRODUCT_NAME = "$(TARGET_NAME)";
				SWIFT_EMIT_LOC_STRINGS = NO;
				SWIFT_VERSION = 5.0;
				TARGETED_DEVICE_FAMILY = "1,2";
				TEST_TARGET_NAME = BTKOdev3;
			};
			name = Release;
		};
/* End XCBuildConfiguration section */

/* Begin XCConfigurationList section */
		BC5000292CA6F24D00191079 /* Build configuration list for PBXNativeTarget "BTKOdev3" */ = {
			isa = XCConfigurationList;
			buildConfigurations = (
				BC50002A2CA6F24D00191079 /* Debug */,
				BC50002B2CA6F24D00191079 /* Release */,
			);
			defaultConfigurationIsVisible = 0;
			defaultConfigurationName = Release;
		};
		BC50002E2CA6F24D00191079 /* Build configuration list for PBXNativeTarget "BTKOdev3Tests" */ = {
			isa = XCConfigurationList;
			buildConfigurations = (
				BC50002F2CA6F24D00191079 /* Debug */,
				BC5000302CA6F24D00191079 /* Release */,
			);
			defaultConfigurationIsVisible = 0;
			defaultConfigurationName = Release;
		};
		BC5000312CA6F24D00191079 /* Build configuration list for PBXNativeTarget "BTKOdev3UITests" */ = {
			isa = XCConfigurationList;
			buildConfigurations = (
				BC5000322CA6F24D00191079 /* Debug */,
				BC5000332CA6F24D00191079 /* Release */,
			);
			defaultConfigurationIsVisible = 0;
			defaultConfigurationName = Release;
		};
		BC50FFFB2CA6F24B00191079 /* Build configuration list for PBXProject "BTKOdev3" */ = {
			isa = XCConfigurationList;
			buildConfigurations = (
				BC50002C2CA6F24D00191079 /* Debug */,
				BC50002D2CA6F24D00191079 /* Release */,
			);
			defaultConfigurationIsVisible = 0;
			defaultConfigurationName = Release;
		};
/* End XCConfigurationList section */
	};
	rootObject = BC50FFF82CA6F24B00191079 /* Project object */;
}
